
Microsoft Visual Studio Solution File, Format Version 12.00
# Visual Studio Version 16
VisualStudioVersion = 16.0.29001.49
MinimumVisualStudioVersion = 10.0.40219.1
Project("{9A19103F-16F7-4668-BE54-9A1E7A4F7556}") = "ODataService", "ODataService\ODataService.csproj", "{FB88564F-D27E-47AE-AA9F-6C1B6C5FDF2B}"
EndProject
Global
	GlobalSection(SolutionConfigurationPlatforms) = preSolution
		Debug|Any CPU = Debug|Any CPU
		Release|Any CPU = Release|Any CPU
	EndGlobalSection
	GlobalSection(ProjectConfigurationPlatforms) = postSolution
		{FB88564F-D27E-47AE-AA9F-6C1B6C5FDF2B}.Debug|Any CPU.ActiveCfg = Debug|Any CPU
		{FB88564F-D27E-47AE-AA9F-6C1B6C5FDF2B}.Debug|Any CPU.Build.0 = Debug|Any CPU
		{FB88564F-D27E-47AE-AA9F-6C1B6C5FDF2B}.Release|Any CPU.ActiveCfg = Release|Any CPU
		{FB88564F-D27E-47AE-AA9F-6C1B6C5FDF2B}.Release|Any CPU.Build.0 = Release|Any CPU
	EndGlobalSection
	GlobalSection(SolutionProperties) = preSolution
		HideSolutionNode = FALSE
	EndGlobalSection
	GlobalSection(ExtensibilityGlobals) = postSolution
		SolutionGuid = {F858FA77-3766-43B2-9141-6153910E53B9}
	EndGlobalSection
EndGlobal
